
Microsoft Visual Studio Solution File, Format Version 12.00
# Visual Studio Version 18
VisualStudioVersion = 18.2.11415.280 d18.0
MinimumVisualStudioVersion = 10.0.40219.1
Project("{FAE04EC0-301F-11D3-BF4B-00C04F79EFBC}") = "CriptoGame_Online", "CriptoGame_Online.csproj", "{DC750CF3-BE47-4CEB-8652-90F907592CC1}"
EndProject
Project("{FAE04EC0-301F-11D3-BF4B-00C04F79EFBC}") = "Server Strategico", "..\Server Strategico\Server Strategico.csproj", "{BFB578EE-873E-FAA1-EDE4-5D3DDC3393EA}"
EndProject
Global
	GlobalSection(SolutionConfigurationPlatforms) = preSolution
		Debug|Any CPU = Debug|Any CPU
		Release|Any CPU = Release|Any CPU
	EndGlobalSection
	GlobalSection(ProjectConfigurationPlatforms) = postSolution
		{DC750CF3-BE47-4CEB-8652-90F907592CC1}.Debug|Any CPU.ActiveCfg = Debug|Any CPU
		{DC750CF3-BE47-4CEB-8652-90F907592CC1}.Debug|Any CPU.Build.0 = Debug|Any CPU
		{DC750CF3-BE47-4CEB-8652-90F907592CC1}.Release|Any CPU.ActiveCfg = Release|Any CPU
		{DC750CF3-BE47-4CEB-8652-90F907592CC1}.Release|Any CPU.Build.0 = Release|Any CPU
		{BFB578EE-873E-FAA1-EDE4-5D3DDC3393EA}.Debug|Any CPU.ActiveCfg = Debug|Any CPU
		{BFB578EE-873E-FAA1-EDE4-5D3DDC3393EA}.Debug|Any CPU.Build.0 = Debug|Any CPU
		{BFB578EE-873E-FAA1-EDE4-5D3DDC3393EA}.Release|Any CPU.ActiveCfg = Release|Any CPU
		{BFB578EE-873E-FAA1-EDE4-5D3DDC3393EA}.Release|Any CPU.Build.0 = Release|Any CPU
	EndGlobalSection
	GlobalSection(SolutionProperties) = preSolution
		HideSolutionNode = FALSE
	EndGlobalSection
	GlobalSection(ExtensibilityGlobals) = postSolution
		SolutionGuid = {3EDB41AD-F1CF-426A-9D8C-68873AE8E02C}
	EndGlobalSection
EndGlobal
